{
  "version": 4,
  "terraform_version": "1.14.2",
  "serial": 10,
  "lineage": "6a065694-9297-b5ff-9ab7-c0bc1f705f7f",
  "outputs": {
    "db_subnets_ids_and_cidrs": {
      "value": {},
      "type": [
        "object",
        {}
      ]
    },
    "private_subnets_ids_and_cidrs": {
      "value": {},
      "type": [
        "object",
        {}
      ]
    },
    "public_subnets_ids_and_cidrs": {
      "value": {
        "subnet-037e2cd8a95799298": {
          "az": "eu-central-1a",
          "cidr_block": "10.0.1.0/24"
        },
        "subnet-077839aa0bc7b2342": {
          "az": "eu-central-1b",
          "cidr_block": "10.0.2.0/24"
        },
        "subnet-0956524fbcd2207a7": {
          "az": "eu-central-1c",
          "cidr_block": "10.0.3.0/24"
        }
      },
      "type": [
        "object",
        {
          "subnet-037e2cd8a95799298": [
            "object",
            {
              "az": "string",
              "cidr_block": "string"
            }
          ],
          "subnet-077839aa0bc7b2342": [
            "object",
            {
              "az": "string",
              "cidr_block": "string"
            }
          ],
          "subnet-0956524fbcd2207a7": [
            "object",
            {
              "az": "string",
              "cidr_block": "string"
            }
          ]
        }
      ]
    },
    "vpc_id_and_cidr": {
      "value": {
        "vpc-073788ba7f641ae2a": "10.0.0.0/16"
      },
      "type": [
        "object",
        {
          "vpc-073788ba7f641ae2a": "string"
        }
      ]
    }
  },
  "resources": [
    {
      "mode": "data",
      "type": "aws_availability_zones",
      "name": "zones",
      "provider": "provider[\"registry.terraform.io/hashicorp/aws\"]",
      "instances": [
        {
          "schema_version": 0,
          "attributes": {
            "all_availability_zones": null,
            "exclude_names": null,
            "exclude_zone_ids": null,
            "filter": null,
            "group_names": [
              "eu-central-1-zg-1"
            ],
            "id": "eu-central-1",
            "names": [
              "eu-central-1a",
              "eu-central-1b",
              "eu-central-1c"
            ],
            "region": "eu-central-1",
            "state": null,
            "timeouts": null,
            "zone_ids": [
              "euc1-az2",
              "euc1-az3",
              "euc1-az1"
            ]
          },
          "sensitive_attributes": [],
          "identity_schema_version": 0
        }
      ]
    },
    {
      "mode": "managed",
      "type": "aws_internet_gateway",
      "name": "main_internet_gateway",
      "provider": "provider[\"registry.terraform.io/hashicorp/aws\"]",
      "instances": [
        {
          "schema_version": 0,
          "attributes": {
            "arn": "arn:aws:ec2:eu-central-1:988182271356:internet-gateway/igw-00e5ec63305de59b0",
            "id": "igw-00e5ec63305de59b0",
            "owner_id": "988182271356",
            "region": "eu-central-1",
            "tags": {
              "Design": "tarlekon",
              "Environment": "dev",
              "Manufactor": "terraform",
              "Name": "Internet-GTW-dev-default",
              "Workspace": "default"
            },
            "tags_all": {
              "Design": "tarlekon",
              "Environment": "dev",
              "Manufactor": "terraform",
              "Name": "Internet-GTW-dev-default",
              "Workspace": "default"
            },
            "timeouts": null,
            "vpc_id": "vpc-073788ba7f641ae2a"
          },
          "sensitive_attributes": [],
          "identity_schema_version": 0,
          "private": "eyJlMmJmYjczMC1lY2FhLTExZTYtOGY4OC0zNDM2M2JjN2M0YzAiOnsiY3JlYXRlIjoxMjAwMDAwMDAwMDAwLCJkZWxldGUiOjEyMDAwMDAwMDAwMDAsInVwZGF0ZSI6MTIwMDAwMDAwMDAwMH19",
          "dependencies": [
            "aws_vpc.main_vpc"
          ]
        }
      ]
    },
    {
      "mode": "managed",
      "type": "aws_route_table",
      "name": "public_subnet_internet_route",
      "provider": "provider[\"registry.terraform.io/hashicorp/aws\"]",
      "instances": [
        {
          "schema_version": 0,
          "attributes": {
            "arn": "arn:aws:ec2:eu-central-1:988182271356:route-table/rtb-09b81c58f7da89c48",
            "id": "rtb-09b81c58f7da89c48",
            "owner_id": "988182271356",
            "propagating_vgws": [],
            "region": "eu-central-1",
            "route": [
              {
                "carrier_gateway_id": "",
                "cidr_block": "0.0.0.0/0",
                "core_network_arn": "",
                "destination_prefix_list_id": "",
                "egress_only_gateway_id": "",
                "gateway_id": "igw-00e5ec63305de59b0",
                "ipv6_cidr_block": "",
                "local_gateway_id": "",
                "nat_gateway_id": "",
                "network_interface_id": "",
                "transit_gateway_id": "",
                "vpc_endpoint_id": "",
                "vpc_peering_connection_id": ""
              }
            ],
            "tags": {
              "Design": "tarlekon",
              "Environment": "dev",
              "Manufactor": "terraform",
              "Name": "Route-table-dev-default",
              "Workspace": "default"
            },
            "tags_all": {
              "Design": "tarlekon",
              "Environment": "dev",
              "Manufactor": "terraform",
              "Name": "Route-table-dev-default",
              "Workspace": "default"
            },
            "timeouts": null,
            "vpc_id": "vpc-073788ba7f641ae2a"
          },
          "sensitive_attributes": [],
          "identity_schema_version": 0,
          "identity": {
            "account_id": "988182271356",
            "id": "rtb-09b81c58f7da89c48",
            "region": "eu-central-1"
          },
          "private": "eyJlMmJmYjczMC1lY2FhLTExZTYtOGY4OC0zNDM2M2JjN2M0YzAiOnsiY3JlYXRlIjozMDAwMDAwMDAwMDAsImRlbGV0ZSI6MzAwMDAwMDAwMDAwLCJ1cGRhdGUiOjEyMDAwMDAwMDAwMH19",
          "dependencies": [
            "aws_internet_gateway.main_internet_gateway",
            "aws_vpc.main_vpc"
          ]
        }
      ]
    },
    {
      "mode": "managed",
      "type": "aws_route_table_association",
      "name": "public_subnet_bind",
      "provider": "provider[\"registry.terraform.io/hashicorp/aws\"]",
      "instances": [
        {
          "index_key": 0,
          "schema_version": 0,
          "attributes": {
            "gateway_id": "",
            "id": "rtbassoc-0b496e8e82212fed8",
            "region": "eu-central-1",
            "route_table_id": "rtb-09b81c58f7da89c48",
            "subnet_id": "subnet-037e2cd8a95799298",
            "timeouts": null
          },
          "sensitive_attributes": [],
          "identity_schema_version": 0,
          "private": "eyJlMmJmYjczMC1lY2FhLTExZTYtOGY4OC0zNDM2M2JjN2M0YzAiOnsiY3JlYXRlIjozMDAwMDAwMDAwMDAsImRlbGV0ZSI6MzAwMDAwMDAwMDAwLCJ1cGRhdGUiOjEyMDAwMDAwMDAwMH19",
          "dependencies": [
            "aws_internet_gateway.main_internet_gateway",
            "aws_route_table.public_subnet_internet_route",
            "aws_subnet.public_subnets",
            "aws_vpc.main_vpc",
            "data.aws_availability_zones.zones"
          ]
        },
        {
          "index_key": 1,
          "schema_version": 0,
          "attributes": {
            "gateway_id": "",
            "id": "rtbassoc-08b45ca1ca975616b",
            "region": "eu-central-1",
            "route_table_id": "rtb-09b81c58f7da89c48",
            "subnet_id": "subnet-077839aa0bc7b2342",
            "timeouts": null
          },
          "sensitive_attributes": [],
          "identity_schema_version": 0,
          "private": "eyJlMmJmYjczMC1lY2FhLTExZTYtOGY4OC0zNDM2M2JjN2M0YzAiOnsiY3JlYXRlIjozMDAwMDAwMDAwMDAsImRlbGV0ZSI6MzAwMDAwMDAwMDAwLCJ1cGRhdGUiOjEyMDAwMDAwMDAwMH19",
          "dependencies": [
            "aws_internet_gateway.main_internet_gateway",
            "aws_route_table.public_subnet_internet_route",
            "aws_subnet.public_subnets",
            "aws_vpc.main_vpc",
            "data.aws_availability_zones.zones"
          ]
        },
        {
          "index_key": 2,
          "schema_version": 0,
          "attributes": {
            "gateway_id": "",
            "id": "rtbassoc-0fd0c082fb93ca4a3",
            "region": "eu-central-1",
            "route_table_id": "rtb-09b81c58f7da89c48",
            "subnet_id": "subnet-0956524fbcd2207a7",
            "timeouts": null
          },
          "sensitive_attributes": [],
          "identity_schema_version": 0,
          "private": "eyJlMmJmYjczMC1lY2FhLTExZTYtOGY4OC0zNDM2M2JjN2M0YzAiOnsiY3JlYXRlIjozMDAwMDAwMDAwMDAsImRlbGV0ZSI6MzAwMDAwMDAwMDAwLCJ1cGRhdGUiOjEyMDAwMDAwMDAwMH19",
          "dependencies": [
            "aws_internet_gateway.main_internet_gateway",
            "aws_route_table.public_subnet_internet_route",
            "aws_subnet.public_subnets",
            "aws_vpc.main_vpc",
            "data.aws_availability_zones.zones"
          ]
        }
      ]
    },
    {
      "mode": "managed",
      "type": "aws_subnet",
      "name": "public_subnets",
      "provider": "provider[\"registry.terraform.io/hashicorp/aws\"]",
      "instances": [
        {
          "index_key": 0,
          "schema_version": 1,
          "attributes": {
            "arn": "arn:aws:ec2:eu-central-1:988182271356:subnet/subnet-037e2cd8a95799298",
            "assign_ipv6_address_on_creation": false,
            "availability_zone": "eu-central-1a",
            "availability_zone_id": "euc1-az2",
            "cidr_block": "10.0.1.0/24",
            "customer_owned_ipv4_pool": "",
            "enable_dns64": false,
            "enable_lni_at_device_index": 0,
            "enable_resource_name_dns_a_record_on_launch": false,
            "enable_resource_name_dns_aaaa_record_on_launch": false,
            "id": "subnet-037e2cd8a95799298",
            "ipv6_cidr_block": "",
            "ipv6_cidr_block_association_id": "",
            "ipv6_native": false,
            "map_customer_owned_ip_on_launch": false,
            "map_public_ip_on_launch": true,
            "outpost_arn": "",
            "owner_id": "988182271356",
            "private_dns_hostname_type_on_launch": "ip-name",
            "region": "eu-central-1",
            "tags": {
              "Design": "tarlekon",
              "Environment": "dev",
              "Manufactor": "terraform",
              "Name": "Public-subnet-dev-default-eu-central-1a",
              "Workspace": "default"
            },
            "tags_all": {
              "Design": "tarlekon",
              "Environment": "dev",
              "Manufactor": "terraform",
              "Name": "Public-subnet-dev-default-eu-central-1a",
              "Workspace": "default"
            },
            "timeouts": null,
            "vpc_id": "vpc-073788ba7f641ae2a"
          },
          "sensitive_attributes": [],
          "identity_schema_version": 0,
          "identity": {
            "account_id": "988182271356",
            "id": "subnet-037e2cd8a95799298",
            "region": "eu-central-1"
          },
          "private": "eyJlMmJmYjczMC1lY2FhLTExZTYtOGY4OC0zNDM2M2JjN2M0YzAiOnsiY3JlYXRlIjo2MDAwMDAwMDAwMDAsImRlbGV0ZSI6MTIwMDAwMDAwMDAwMH0sInNjaGVtYV92ZXJzaW9uIjoiMSJ9",
          "dependencies": [
            "aws_vpc.main_vpc",
            "data.aws_availability_zones.zones"
          ]
        },
        {
          "index_key": 1,
          "schema_version": 1,
          "attributes": {
            "arn": "arn:aws:ec2:eu-central-1:988182271356:subnet/subnet-077839aa0bc7b2342",
            "assign_ipv6_address_on_creation": false,
            "availability_zone": "eu-central-1b",
            "availability_zone_id": "euc1-az3",
            "cidr_block": "10.0.2.0/24",
            "customer_owned_ipv4_pool": "",
            "enable_dns64": false,
            "enable_lni_at_device_index": 0,
            "enable_resource_name_dns_a_record_on_launch": false,
            "enable_resource_name_dns_aaaa_record_on_launch": false,
            "id": "subnet-077839aa0bc7b2342",
            "ipv6_cidr_block": "",
            "ipv6_cidr_block_association_id": "",
            "ipv6_native": false,
            "map_customer_owned_ip_on_launch": false,
            "map_public_ip_on_launch": true,
            "outpost_arn": "",
            "owner_id": "988182271356",
            "private_dns_hostname_type_on_launch": "ip-name",
            "region": "eu-central-1",
            "tags": {
              "Design": "tarlekon",
              "Environment": "dev",
              "Manufactor": "terraform",
              "Name": "Public-subnet-dev-default-eu-central-1b",
              "Workspace": "default"
            },
            "tags_all": {
              "Design": "tarlekon",
              "Environment": "dev",
              "Manufactor": "terraform",
              "Name": "Public-subnet-dev-default-eu-central-1b",
              "Workspace": "default"
            },
            "timeouts": null,
            "vpc_id": "vpc-073788ba7f641ae2a"
          },
          "sensitive_attributes": [],
          "identity_schema_version": 0,
          "identity": {
            "account_id": "988182271356",
            "id": "subnet-077839aa0bc7b2342",
            "region": "eu-central-1"
          },
          "private": "eyJlMmJmYjczMC1lY2FhLTExZTYtOGY4OC0zNDM2M2JjN2M0YzAiOnsiY3JlYXRlIjo2MDAwMDAwMDAwMDAsImRlbGV0ZSI6MTIwMDAwMDAwMDAwMH0sInNjaGVtYV92ZXJzaW9uIjoiMSJ9",
          "dependencies": [
            "aws_vpc.main_vpc",
            "data.aws_availability_zones.zones"
          ]
        },
        {
          "index_key": 2,
          "schema_version": 1,
          "attributes": {
            "arn": "arn:aws:ec2:eu-central-1:988182271356:subnet/subnet-0956524fbcd2207a7",
            "assign_ipv6_address_on_creation": false,
            "availability_zone": "eu-central-1c",
            "availability_zone_id": "euc1-az1",
            "cidr_block": "10.0.3.0/24",
            "customer_owned_ipv4_pool": "",
            "enable_dns64": false,
            "enable_lni_at_device_index": 0,
            "enable_resource_name_dns_a_record_on_launch": false,
            "enable_resource_name_dns_aaaa_record_on_launch": false,
            "id": "subnet-0956524fbcd2207a7",
            "ipv6_cidr_block": "",
            "ipv6_cidr_block_association_id": "",
            "ipv6_native": false,
            "map_customer_owned_ip_on_launch": false,
            "map_public_ip_on_launch": true,
            "outpost_arn": "",
            "owner_id": "988182271356",
            "private_dns_hostname_type_on_launch": "ip-name",
            "region": "eu-central-1",
            "tags": {
              "Design": "tarlekon",
              "Environment": "dev",
              "Manufactor": "terraform",
              "Name": "Public-subnet-dev-default-eu-central-1c",
              "Workspace": "default"
            },
            "tags_all": {
              "Design": "tarlekon",
              "Environment": "dev",
              "Manufactor": "terraform",
              "Name": "Public-subnet-dev-default-eu-central-1c",
              "Workspace": "default"
            },
            "timeouts": null,
            "vpc_id": "vpc-073788ba7f641ae2a"
          },
          "sensitive_attributes": [],
          "identity_schema_version": 0,
          "identity": {
            "account_id": "988182271356",
            "id": "subnet-0956524fbcd2207a7",
            "region": "eu-central-1"
          },
          "private": "eyJlMmJmYjczMC1lY2FhLTExZTYtOGY4OC0zNDM2M2JjN2M0YzAiOnsiY3JlYXRlIjo2MDAwMDAwMDAwMDAsImRlbGV0ZSI6MTIwMDAwMDAwMDAwMH0sInNjaGVtYV92ZXJzaW9uIjoiMSJ9",
          "dependencies": [
            "aws_vpc.main_vpc",
            "data.aws_availability_zones.zones"
          ]
        }
      ]
    },
    {
      "mode": "managed",
      "type": "aws_vpc",
      "name": "main_vpc",
      "provider": "provider[\"registry.terraform.io/hashicorp/aws\"]",
      "instances": [
        {
          "schema_version": 1,
          "attributes": {
            "arn": "arn:aws:ec2:eu-central-1:988182271356:vpc/vpc-073788ba7f641ae2a",
            "assign_generated_ipv6_cidr_block": false,
            "cidr_block": "10.0.0.0/16",
            "default_network_acl_id": "acl-0c5ed5e522849a646",
            "default_route_table_id": "rtb-0ca9cb1f60fb7bc2b",
            "default_security_group_id": "sg-0cc069d1cf3c8fdeb",
            "dhcp_options_id": "dopt-0a50ed0f69cc17762",
            "enable_dns_hostnames": false,
            "enable_dns_support": true,
            "enable_network_address_usage_metrics": false,
            "id": "vpc-073788ba7f641ae2a",
            "instance_tenancy": "default",
            "ipv4_ipam_pool_id": null,
            "ipv4_netmask_length": null,
            "ipv6_association_id": "",
            "ipv6_cidr_block": "",
            "ipv6_cidr_block_network_border_group": "",
            "ipv6_ipam_pool_id": "",
            "ipv6_netmask_length": 0,
            "main_route_table_id": "rtb-0ca9cb1f60fb7bc2b",
            "owner_id": "988182271356",
            "region": "eu-central-1",
            "tags": {
              "Design": "tarlekon",
              "Environment": "dev",
              "Manufactor": "terraform",
              "Name": "VPC-dev-default",
              "Workspace": "default"
            },
            "tags_all": {
              "Design": "tarlekon",
              "Environment": "dev",
              "Manufactor": "terraform",
              "Name": "VPC-dev-default",
              "Workspace": "default"
            }
          },
          "sensitive_attributes": [],
          "identity_schema_version": 0,
          "identity": {
            "account_id": "988182271356",
            "id": "vpc-073788ba7f641ae2a",
            "region": "eu-central-1"
          },
          "private": "eyJzY2hlbWFfdmVyc2lvbiI6IjEifQ=="
        }
      ]
    }
  ],
  "check_results": null
}
